
Microsoft Visual Studio Solution File, Format Version 12.00
Project("{FAE04EC0-301F-11D3-BF4B-00C04F79EFBC}") = "TdmPrototypeBackend", "../tdm-prototype-backend\TdmPrototypeBackend\TdmPrototypeBackend.csproj", "{C3A6F1D8-ECA1-4A90-B3A5-662E259D0251}"
EndProject
Project("{FAE04EC0-301F-11D3-BF4B-00C04F79EFBC}") = "TdmPrototypeBackend.Test", "../tdm-prototype-backend\TdmPrototypeBackend.Test\TdmPrototypeBackend.Test.csproj", "{FEB9B9A3-A9C1-4200-A574-AE7C577E5A3A}"
EndProject
Project("{FAE04EC0-301F-11D3-BF4B-00C04F79EFBC}") = "TdmPrototypeBackend.Types", "../tdm-prototype-backend\TdmPrototypeBackend.Types\TdmPrototypeBackend.Types.csproj", "{18DE4B25-FF6B-4E24-BE27-EC9724BE68A8}"
EndProject
Project("{FAE04EC0-301F-11D3-BF4B-00C04F79EFBC}") = "jsonapi-consumer", "../tdm-prototype-backend\libs\jsonapi-consumer\jsonapi-consumer.csproj", "{608DBE7A-761B-4017-8A55-275E40E99CB2}"
EndProject
Global
	GlobalSection(SolutionConfigurationPlatforms) = preSolution
		Debug|Any CPU = Debug|Any CPU
		Release|Any CPU = Release|Any CPU
	EndGlobalSection
	GlobalSection(ProjectConfigurationPlatforms) = postSolution
		{C3A6F1D8-ECA1-4A90-B3A5-662E259D0251}.Debug|Any CPU.ActiveCfg = Debug|Any CPU
		{C3A6F1D8-ECA1-4A90-B3A5-662E259D0251}.Debug|Any CPU.Build.0 = Debug|Any CPU
		{C3A6F1D8-ECA1-4A90-B3A5-662E259D0251}.Release|Any CPU.ActiveCfg = Release|Any CPU
		{C3A6F1D8-ECA1-4A90-B3A5-662E259D0251}.Release|Any CPU.Build.0 = Release|Any CPU
		{FEB9B9A3-A9C1-4200-A574-AE7C577E5A3A}.Debug|Any CPU.ActiveCfg = Debug|Any CPU
		{FEB9B9A3-A9C1-4200-A574-AE7C577E5A3A}.Debug|Any CPU.Build.0 = Debug|Any CPU
		{FEB9B9A3-A9C1-4200-A574-AE7C577E5A3A}.Release|Any CPU.ActiveCfg = Release|Any CPU
		{FEB9B9A3-A9C1-4200-A574-AE7C577E5A3A}.Release|Any CPU.Build.0 = Release|Any CPU
		{18DE4B25-FF6B-4E24-BE27-EC9724BE68A8}.Debug|Any CPU.ActiveCfg = Debug|Any CPU
		{18DE4B25-FF6B-4E24-BE27-EC9724BE68A8}.Debug|Any CPU.Build.0 = Debug|Any CPU
		{18DE4B25-FF6B-4E24-BE27-EC9724BE68A8}.Release|Any CPU.ActiveCfg = Release|Any CPU
		{18DE4B25-FF6B-4E24-BE27-EC9724BE68A8}.Release|Any CPU.Build.0 = Release|Any CPU
		{608DBE7A-761B-4017-8A55-275E40E99CB2}.Debug|Any CPU.ActiveCfg = Debug|Any CPU
		{608DBE7A-761B-4017-8A55-275E40E99CB2}.Debug|Any CPU.Build.0 = Debug|Any CPU
		{608DBE7A-761B-4017-8A55-275E40E99CB2}.Release|Any CPU.ActiveCfg = Release|Any CPU
		{608DBE7A-761B-4017-8A55-275E40E99CB2}.Release|Any CPU.Build.0 = Release|Any CPU
	EndGlobalSection
EndGlobal
